// !$*UTF8*$!
{
	archiveVersion = 1;
	classes = {
	};
	objectVersion = 46;
	objects = {

/* Begin PBXBuildFile section */
		6B22B6591D080063005A24BB /* DVDDetailsViewController.swift in Sources */ = {isa = PBXBuildFile; fileRef = 6B22B6581D080063005A24BB /* DVDDetailsViewController.swift */; };
		6B3B38681CFEFB0300842B5F /* MovieDetailsViewController.swift in Sources */ = {isa = PBXBuildFile; fileRef = 6B3B38671CFEFB0200842B5F /* MovieDetailsViewController.swift */; };
		6B4F086E1D055C0B000C8254 /* AppExtensions.swift in Sources */ = {isa = PBXBuildFile; fileRef = 6B4F086D1D055C0B000C8254 /* AppExtensions.swift */; };
		6B4F089A1D06D92E000C8254 /* DVDsViewController.swift in Sources */ = {isa = PBXBuildFile; fileRef = 6B4F08991D06D92E000C8254 /* DVDsViewController.swift */; };
		6B4FD0371D07337800755BA1 /* DVDCell.swift in Sources */ = {isa = PBXBuildFile; fileRef = 6B4FD0361D07337800755BA1 /* DVDCell.swift */; };
		6BF9720F1CFE9FA800AF2D42 /* AppDelegate.swift in Sources */ = {isa = PBXBuildFile; fileRef = 6BF9720E1CFE9FA800AF2D42 /* AppDelegate.swift */; };
		6BF972141CFE9FA800AF2D42 /* Main.storyboard in Resources */ = {isa = PBXBuildFile; fileRef = 6BF972121CFE9FA800AF2D42 /* Main.storyboard */; };
		6BF972161CFE9FA800AF2D42 /* Assets.xcassets in Resources */ = {isa = PBXBuildFile; fileRef = 6BF972151CFE9FA800AF2D42 /* Assets.xcassets */; };
		6BF972191CFE9FA800AF2D42 /* LaunchScreen.storyboard in Resources */ = {isa = PBXBuildFile; fileRef = 6BF972171CFE9FA800AF2D42 /* LaunchScreen.storyboard */; };
		6BF972211CFEA02E00AF2D42 /* MoviesViewController.swift in Sources */ = {isa = PBXBuildFile; fileRef = 6BF972201CFEA02E00AF2D42 /* MoviesViewController.swift */; };
		6BF972271CFECDEE00AF2D42 /* MovieCell.swift in Sources */ = {isa = PBXBuildFile; fileRef = 6BF972261CFECDEE00AF2D42 /* MovieCell.swift */; };
		F1E549102D5D18BF5F5AE3FB /* Pods_Rotten_Tomatoes.framework in Frameworks */ = {isa = PBXBuildFile; fileRef = C9D203E1B00C8D4414BE96B5 /* Pods_Rotten_Tomatoes.framework */; };
/* End PBXBuildFile section */

/* Begin PBXFileReference section */
		334AFD8F9368BDB4C7F02B60 /* Pods-Rotten Tomatoes.debug.xcconfig */ = {isa = PBXFileReference; includeInIndex = 1; lastKnownFileType = text.xcconfig; name = "Pods-Rotten Tomatoes.debug.xcconfig"; path = "Pods/Target Support Files/Pods-Rotten Tomatoes/Pods-Rotten Tomatoes.debug.xcconfig"; sourceTree = "<group>"; };
		6B22B6581D080063005A24BB /* DVDDetailsViewController.swift */ = {isa = PBXFileReference; fileEncoding = 4; lastKnownFileType = sourcecode.swift; path = DVDDetailsViewController.swift; sourceTree = "<group>"; };
		6B3B38671CFEFB0200842B5F /* MovieDetailsViewController.swift */ = {isa = PBXFileReference; fileEncoding = 4; lastKnownFileType = sourcecode.swift; path = MovieDetailsViewController.swift; sourceTree = "<group>"; };
		6B4F086D1D055C0B000C8254 /* AppExtensions.swift */ = {isa = PBXFileReference; fileEncoding = 4; lastKnownFileType = sourcecode.swift; path = AppExtensions.swift; sourceTree = "<group>"; };
		6B4F08991D06D92E000C8254 /* DVDsViewController.swift */ = {isa = PBXFileReference; fileEncoding = 4; lastKnownFileType = sourcecode.swift; path = DVDsViewController.swift; sourceTree = "<group>"; };
		6B4FD0361D07337800755BA1 /* DVDCell.swift */ = {isa = PBXFileReference; fileEncoding = 4; lastKnownFileType = sourcecode.swift; path = DVDCell.swift; sourceTree = "<group>"; };
		6BF9720B1CFE9FA700AF2D42 /* Rotten Tomatoes.app */ = {isa = PBXFileReference; explicitFileType = wrapper.application; includeInIndex = 0; path = "Rotten Tomatoes.app"; sourceTree = BUILT_PRODUCTS_DIR; };
		6BF9720E1CFE9FA800AF2D42 /* AppDelegate.swift */ = {isa = PBXFileReference; lastKnownFileType = sourcecode.swift; path = AppDelegate.swift; sourceTree = "<group>"; };
		6BF972131CFE9FA800AF2D42 /* Base */ = {isa = PBXFileReference; lastKnownFileType = file.storyboard; name = Base; path = Base.lproj/Main.storyboard; sourceTree = "<group>"; };
		6BF972151CFE9FA800AF2D42 /* Assets.xcassets */ = {isa = PBXFileReference; lastKnownFileType = folder.assetcatalog; path = Assets.xcassets; sourceTree = "<group>"; };
		6BF972181CFE9FA800AF2D42 /* Base */ = {isa = PBXFileReference; lastKnownFileType = file.storyboard; name = Base; path = Base.lproj/LaunchScreen.storyboard; sourceTree = "<group>"; };
		6BF9721A1CFE9FA800AF2D42 /* Info.plist */ = {isa = PBXFileReference; lastKnownFileType = text.plist.xml; path = Info.plist; sourceTree = "<group>"; };
		6BF972201CFEA02E00AF2D42 /* MoviesViewController.swift */ = {isa = PBXFileReference; fileEncoding = 4; lastKnownFileType = sourcecode.swift; path = MoviesViewController.swift; sourceTree = "<group>"; };
		6BF972261CFECDEE00AF2D42 /* MovieCell.swift */ = {isa = PBXFileReference; fileEncoding = 4; lastKnownFileType = sourcecode.swift; path = MovieCell.swift; sourceTree = "<group>"; };
		9A51F478F11BFC5AC58B1D2E /* Pods-Rotten Tomatoes.release.xcconfig */ = {isa = PBXFileReference; includeInIndex = 1; lastKnownFileType = text.xcconfig; name = "Pods-Rotten Tomatoes.release.xcconfig"; path = "Pods/Target Support Files/Pods-Rotten Tomatoes/Pods-Rotten Tomatoes.release.xcconfig"; sourceTree = "<group>"; };
		C9D203E1B00C8D4414BE96B5 /* Pods_Rotten_Tomatoes.framework */ = {isa = PBXFileReference; explicitFileType = wrapper.framework; includeInIndex = 0; path = Pods_Rotten_Tomatoes.framework; sourceTree = BUILT_PRODUCTS_DIR; };
/* End PBXFileReference section */

/* Begin PBXFrameworksBuildPhase section */
		6BF972081CFE9FA700AF2D42 /* Frameworks */ = {
			isa = PBXFrameworksBuildPhase;
			buildActionMask = 2147483647;
			files = (
				F1E549102D5D18BF5F5AE3FB /* Pods_Rotten_Tomatoes.framework in Frameworks */,
			);
			runOnlyForDeploymentPostprocessing = 0;
		};
/* End PBXFrameworksBuildPhase section */

/* Begin PBXGroup section */
		4B0EB9F006F7BC057FE9A29B /* Frameworks */ = {
			isa = PBXGroup;
			children = (
				C9D203E1B00C8D4414BE96B5 /* Pods_Rotten_Tomatoes.framework */,
			);
			name = Frameworks;
			sourceTree = "<group>";
		};
		5FBC721275F7E2271418AAD6 /* Pods */ = {
			isa = PBXGroup;
			children = (
				334AFD8F9368BDB4C7F02B60 /* Pods-Rotten Tomatoes.debug.xcconfig */,
				9A51F478F11BFC5AC58B1D2E /* Pods-Rotten Tomatoes.release.xcconfig */,
			);
			name = Pods;
			sourceTree = "<group>";
		};
		6BF972021CFE9FA600AF2D42 = {
			isa = PBXGroup;
			children = (
				6BF9720D1CFE9FA800AF2D42 /* Rotten Tomatoes */,
				6BF9720C1CFE9FA700AF2D42 /* Products */,
				5FBC721275F7E2271418AAD6 /* Pods */,
				4B0EB9F006F7BC057FE9A29B /* Frameworks */,
			);
			sourceTree = "<group>";
		};
		6BF9720C1CFE9FA700AF2D42 /* Products */ = {
			isa = PBXGroup;
			children = (
				6BF9720B1CFE9FA700AF2D42 /* Rotten Tomatoes.app */,
			);
			name = Products;
			sourceTree = "<group>";
		};
		6BF9720D1CFE9FA800AF2D42 /* Rotten Tomatoes */ = {
			isa = PBXGroup;
			children = (
				6BF972231CFECC5F00AF2D42 /* Views */,
				6BF972221CFEA09C00AF2D42 /* View Controllers */,
				6BF9720E1CFE9FA800AF2D42 /* AppDelegate.swift */,
				6B4F086D1D055C0B000C8254 /* AppExtensions.swift */,
				6BF972121CFE9FA800AF2D42 /* Main.storyboard */,
				6BF972151CFE9FA800AF2D42 /* Assets.xcassets */,
				6BF972171CFE9FA800AF2D42 /* LaunchScreen.storyboard */,
				6BF9721A1CFE9FA800AF2D42 /* Info.plist */,
			);
			path = "Rotten Tomatoes";
			sourceTree = "<group>";
		};
		6BF972221CFEA09C00AF2D42 /* View Controllers */ = {
			isa = PBXGroup;
			children = (
				6BF972201CFEA02E00AF2D42 /* MoviesViewController.swift */,
				6B3B38671CFEFB0200842B5F /* MovieDetailsViewController.swift */,
				6B4F08991D06D92E000C8254 /* DVDsViewController.swift */,
				6B22B6581D080063005A24BB /* DVDDetailsViewController.swift */,
			);
			name = "View Controllers";
			sourceTree = "<group>";
		};
		6BF972231CFECC5F00AF2D42 /* Views */ = {
			isa = PBXGroup;
			children = (
				6BF972261CFECDEE00AF2D42 /* MovieCell.swift */,
				6B4FD0361D07337800755BA1 /* DVDCell.swift */,
			);
			name = Views;
			sourceTree = "<group>";
		};
/* End PBXGroup section */

/* Begin PBXNativeTarget section */
		6BF9720A1CFE9FA700AF2D42 /* Rotten Tomatoes */ = {
			isa = PBXNativeTarget;
			buildConfigurationList = 6BF9721D1CFE9FA800AF2D42 /* Build configuration list for PBXNativeTarget "Rotten Tomatoes" */;
			buildPhases = (
				B852085DFADA2ED7758A197A /* 📦 Check Pods Manifest.lock */,
				6BF972071CFE9FA700AF2D42 /* Sources */,
				6BF972081CFE9FA700AF2D42 /* Frameworks */,
				6BF972091CFE9FA700AF2D42 /* Resources */,
				A8AFD087E12BFE148DCF4FD2 /* 📦 Embed Pods Frameworks */,
				F266067319B214D4DAC7A113 /* 📦 Copy Pods Resources */,
			);
			buildRules = (
			);
			dependencies = (
			);
			name = "Rotten Tomatoes";
			productName = "Rotten Tomatoes";
			productReference = 6BF9720B1CFE9FA700AF2D42 /* Rotten Tomatoes.app */;
			productType = "com.apple.product-type.application";
		};
/* End PBXNativeTarget section */

/* Begin PBXProject section */
		6BF972031CFE9FA600AF2D42 /* Project object */ = {
			isa = PBXProject;
			attributes = {
				LastSwiftUpdateCheck = 0730;
				LastUpgradeCheck = 0730;
				ORGANIZATIONNAME = "Dang Quoc Huy";
				TargetAttributes = {
					6BF9720A1CFE9FA700AF2D42 = {
						CreatedOnToolsVersion = 7.3.1;
						DevelopmentTeam = 8KDJ9PT669;
					};
				};
			};
			buildConfigurationList = 6BF972061CFE9FA600AF2D42 /* Build configuration list for PBXProject "Rotten Tomatoes" */;
			compatibilityVersion = "Xcode 3.2";
			developmentRegion = English;
			hasScannedForEncodings = 0;
			knownRegions = (
				en,
				Base,
			);
			mainGroup = 6BF972021CFE9FA600AF2D42;
			productRefGroup = 6BF9720C1CFE9FA700AF2D42 /* Products */;
			projectDirPath = "";
			projectRoot = "";
			targets = (
				6BF9720A1CFE9FA700AF2D42 /* Rotten Tomatoes */,
			);
		};
/* End PBXProject section */

/* Begin PBXResourcesBuildPhase section */
		6BF972091CFE9FA700AF2D42 /* Resources */ = {
			isa = PBXResourcesBuildPhase;
			buildActionMask = 2147483647;
			files = (
				6BF972191CFE9FA800AF2D42 /* LaunchScreen.storyboard in Resources */,
				6BF972161CFE9FA800AF2D42 /* Assets.xcassets in Resources */,
				6BF972141CFE9FA800AF2D42 /* Main.storyboard in Resources */,
			);
			runOnlyForDeploymentPostprocessing = 0;
		};
/* End PBXResourcesBuildPhase section */

/* Begin PBXShellScriptBuildPhase section */
		A8AFD087E12BFE148DCF4FD2 /* 📦 Embed Pods Frameworks */ = {
			isa = PBXShellScriptBuildPhase;
			buildActionMask = 2147483647;
			files = (
			);
			inputPaths = (
			);
			name = "📦 Embed Pods Frameworks";
			outputPaths = (
			);
			runOnlyForDeploymentPostprocessing = 0;
			shellPath = /bin/sh;
			shellScript = "\"${SRCROOT}/Pods/Target Support Files/Pods-Rotten Tomatoes/Pods-Rotten Tomatoes-frameworks.sh\"\n";
			showEnvVarsInLog = 0;
		};
		B852085DFADA2ED7758A197A /* 📦 Check Pods Manifest.lock */ = {
			isa = PBXShellScriptBuildPhase;
			buildActionMask = 2147483647;
			files = (
			);
			inputPaths = (
			);
			name = "📦 Check Pods Manifest.lock";
			outputPaths = (
			);
			runOnlyForDeploymentPostprocessing = 0;
			shellPath = /bin/sh;
			shellScript = "diff \"${PODS_ROOT}/../Podfile.lock\" \"${PODS_ROOT}/Manifest.lock\" > /dev/null\nif [[ $? != 0 ]] ; then\n    cat << EOM\nerror: The sandbox is not in sync with the Podfile.lock. Run 'pod install' or update your CocoaPods installation.\nEOM\n    exit 1\nfi\n";
			showEnvVarsInLog = 0;
		};
		F266067319B214D4DAC7A113 /* 📦 Copy Pods Resources */ = {
			isa = PBXShellScriptBuildPhase;
			buildActionMask = 2147483647;
			files = (
			);
			inputPaths = (
			);
			name = "📦 Copy Pods Resources";
			outputPaths = (
			);
			runOnlyForDeploymentPostprocessing = 0;
			shellPath = /bin/sh;
			shellScript = "\"${SRCROOT}/Pods/Target Support Files/Pods-Rotten Tomatoes/Pods-Rotten Tomatoes-resources.sh\"\n";
			showEnvVarsInLog = 0;
		};
/* End PBXShellScriptBuildPhase section */

/* Begin PBXSourcesBuildPhase section */
		6BF972071CFE9FA700AF2D42 /* Sources */ = {
			isa = PBXSourcesBuildPhase;
			buildActionMask = 2147483647;
			files = (
				6B3B38681CFEFB0300842B5F /* MovieDetailsViewController.swift in Sources */,
				6BF9720F1CFE9FA800AF2D42 /* AppDelegate.swift in Sources */,
				6B4F086E1D055C0B000C8254 /* AppExtensions.swift in Sources */,
				6BF972211CFEA02E00AF2D42 /* MoviesViewController.swift in Sources */,
				6B22B6591D080063005A24BB /* DVDDetailsViewController.swift in Sources */,
				6BF972271CFECDEE00AF2D42 /* MovieCell.swift in Sources */,
				6B4F089A1D06D92E000C8254 /* DVDsViewController.swift in Sources */,
				6B4FD0371D07337800755BA1 /* DVDCell.swift in Sources */,
			);
			runOnlyForDeploymentPostprocessing = 0;
		};
/* End PBXSourcesBuildPhase section */

/* Begin PBXVariantGroup section */
		6BF972121CFE9FA800AF2D42 /* Main.storyboard */ = {
			isa = PBXVariantGroup;
			children = (
				6BF972131CFE9FA800AF2D42 /* Base */,
			);
			name = Main.storyboard;
			sourceTree = "<group>";
		};
		6BF972171CFE9FA800AF2D42 /* LaunchScreen.storyboard */ = {
			isa = PBXVariantGroup;
			children = (
				6BF972181CFE9FA800AF2D42 /* Base */,
			);
			name = LaunchScreen.storyboard;
			sourceTree = "<group>";
		};
/* End PBXVariantGroup section */

/* Begin XCBuildConfiguration section */
		6BF9721B1CFE9FA800AF2D42 /* Debug */ = {
			isa = XCBuildConfiguration;
			buildSettings = {
				ALWAYS_SEARCH_USER_PATHS = NO;
				CLANG_ANALYZER_NONNULL = YES;
				CLANG_CXX_LANGUAGE_STANDARD = "gnu++0x";
				CLANG_CXX_LIBRARY = "libc++";
				CLANG_ENABLE_MODULES = YES;
				CLANG_ENABLE_OBJC_ARC = YES;
				CLANG_WARN_BOOL_CONVERSION = YES;
				CLANG_WARN_CONSTANT_CONVERSION = YES;
				CLANG_WARN_DIRECT_OBJC_ISA_USAGE = YES_ERROR;
				CLANG_WARN_EMPTY_BODY = YES;
				CLANG_WARN_ENUM_CONVERSION = YES;
				CLANG_WARN_INT_CONVERSION = YES;
				CLANG_WARN_OBJC_ROOT_CLASS = YES_ERROR;
				CLANG_WARN_UNREACHABLE_CODE = YES;
				CLANG_WARN__DUPLICATE_METHOD_MATCH = YES;
				"CODE_SIGN_IDENTITY[sdk=iphoneos*]" = "iPhone Developer";
				COPY_PHASE_STRIP = NO;
				DEBUG_INFORMATION_FORMAT = dwarf;
				ENABLE_STRICT_OBJC_MSGSEND = YES;
				ENABLE_TESTABILITY = YES;
				GCC_C_LANGUAGE_STANDARD = gnu99;
				GCC_DYNAMIC_NO_PIC = NO;
				GCC_NO_COMMON_BLOCKS = YES;
				GCC_OPTIMIZATION_LEVEL = 0;
				GCC_PREPROCESSOR_DEFINITIONS = (
					"DEBUG=1",
					"$(inherited)",
				);
				GCC_WARN_64_TO_32_BIT_CONVERSION = YES;
				GCC_WARN_ABOUT_RETURN_TYPE = YES_ERROR;
				GCC_WARN_UNDECLARED_SELECTOR = YES;
				GCC_WARN_UNINITIALIZED_AUTOS = YES_AGGRESSIVE;
				GCC_WARN_UNUSED_FUNCTION = YES;
				GCC_WARN_UNUSED_VARIABLE = YES;
				IPHONEOS_DEPLOYMENT_TARGET = 9.3;
				MTL_ENABLE_DEBUG_INFO = YES;
				ONLY_ACTIVE_ARCH = YES;
				SDKROOT = iphoneos;
				SWIFT_OPTIMIZATION_LEVEL = "-Onone";
			};
			name = Debug;
		};
		6BF9721C1CFE9FA800AF2D42 /* Release */ = {
			isa = XCBuildConfiguration;
			buildSettings = {
				ALWAYS_SEARCH_USER_PATHS = NO;
				CLANG_ANALYZER_NONNULL = YES;
				CLANG_CXX_LANGUAGE_STANDARD = "gnu++0x";
				CLANG_CXX_LIBRARY = "libc++";
				CLANG_ENABLE_MODULES = YES;
				CLANG_ENABLE_OBJC_ARC = YES;
				CLANG_WARN_BOOL_CONVERSION = YES;
				CLANG_WARN_CONSTANT_CONVERSION = YES;
				CLANG_WARN_DIRECT_OBJC_ISA_USAGE = YES_ERROR;
				CLANG_WARN_EMPTY_BODY = YES;
				CLANG_WARN_ENUM_CONVERSION = YES;
				CLANG_WARN_INT_CONVERSION = YES;
				CLANG_WARN_OBJC_ROOT_CLASS = YES_ERROR;
				CLANG_WARN_UNREACHABLE_CODE = YES;
				CLANG_WARN__DUPLICATE_METHOD_MATCH = YES;
				"CODE_SIGN_IDENTITY[sdk=iphoneos*]" = "iPhone Developer";
				COPY_PHASE_STRIP = NO;
				DEBUG_INFORMATION_FORMAT = "dwarf-with-dsym";
				ENABLE_NS_ASSERTIONS = NO;
				ENABLE_STRICT_OBJC_MSGSEND = YES;
				GCC_C_LANGUAGE_STANDARD = gnu99;
				GCC_NO_COMMON_BLOCKS = YES;
				GCC_WARN_64_TO_32_BIT_CONVERSION = YES;
				GCC_WARN_ABOUT_RETURN_TYPE = YES_ERROR;
				GCC_WARN_UNDECLARED_SELECTOR = YES;
				GCC_WARN_UNINITIALIZED_AUTOS = YES_AGGRESSIVE;
				GCC_WARN_UNUSED_FUNCTION = YES;
				GCC_WARN_UNUSED_VARIABLE = YES;
				IPHONEOS_DEPLOYMENT_TARGET = 9.3;
				MTL_ENABLE_DEBUG_INFO = NO;
				SDKROOT = iphoneos;
				VALIDATE_PRODUCT = YES;
			};
			name = Release;
		};
		6BF9721E1CFE9FA800AF2D42 /* Debug */ = {
			isa = XCBuildConfiguration;
			baseConfigurationReference = 334AFD8F9368BDB4C7F02B60 /* Pods-Rotten Tomatoes.debug.xcconfig */;
			buildSettings = {
				ASSETCATALOG_COMPILER_APPICON_NAME = AppIcon;
				CODE_SIGN_IDENTITY = "iPhone Developer";
				"CODE_SIGN_IDENTITY[sdk=iphoneos*]" = "iPhone Developer";
				INFOPLIST_FILE = "Rotten Tomatoes/Info.plist";
				LD_RUNPATH_SEARCH_PATHS = "$(inherited) @executable_path/Frameworks";
				PRODUCT_BUNDLE_IDENTIFIER = "huy.dang.quoc.Rotten-Tomatoes";
				PRODUCT_NAME = "$(TARGET_NAME)";
				PROVISIONING_PROFILE = "";
			};
			name = Debug;
		};
		6BF9721F1CFE9FA800AF2D42 /* Release */ = {
			isa = XCBuildConfiguration;
			baseConfigurationReference = 9A51F478F11BFC5AC58B1D2E /* Pods-Rotten Tomatoes.release.xcconfig */;
			buildSettings = {
				ASSETCATALOG_COMPILER_APPICON_NAME = AppIcon;
				CODE_SIGN_IDENTITY = "iPhone Developer";
				"CODE_SIGN_IDENTITY[sdk=iphoneos*]" = "iPhone Developer";
				INFOPLIST_FILE = "Rotten Tomatoes/Info.plist";
				LD_RUNPATH_SEARCH_PATHS = "$(inherited) @executable_path/Frameworks";
				PRODUCT_BUNDLE_IDENTIFIER = "huy.dang.quoc.Rotten-Tomatoes";
				PRODUCT_NAME = "$(TARGET_NAME)";
				PROVISIONING_PROFILE = "";
			};
			name = Release;
		};
/* End XCBuildConfiguration section */

/* Begin XCConfigurationList section */
		6BF972061CFE9FA600AF2D42 /* Build configuration list for PBXProject "Rotten Tomatoes" */ = {
			isa = XCConfigurationList;
			buildConfigurations = (
				6BF9721B1CFE9FA800AF2D42 /* Debug */,
				6BF9721C1CFE9FA800AF2D42 /* Release */,
			);
			defaultConfigurationIsVisible = 0;
			defaultConfigurationName = Release;
		};
		6BF9721D1CFE9FA800AF2D42 /* Build configuration list for PBXNativeTarget "Rotten Tomatoes" */ = {
			isa = XCConfigurationList;
			buildConfigurations = (
				6BF9721E1CFE9FA800AF2D42 /* Debug */,
				6BF9721F1CFE9FA800AF2D42 /* Release */,
			);
			defaultConfigurationIsVisible = 0;
			defaultConfigurationName = Release;
		};
/* End XCConfigurationList section */
	};
	rootObject = 6BF972031CFE9FA600AF2D42 /* Project object */;
}
